// !$*UTF8*$!
{
	archiveVersion = 1;
	classes = {};
	objectVersion = 77;
	objects = {

/* Begin PBXBuildFile section */
		A10000000000000000000001 /* TargetApp.swift in Sources */ = {isa = PBXBuildFile; fileRef = A10000000000000000000011 /* TargetApp.swift */; };
		A10000000000000000000002 /* ContentView.swift in Sources */ = {isa = PBXBuildFile; fileRef = A10000000000000000000012 /* ContentView.swift */; };
		A10000000000000000000003 /* BackendLifecycleModel.swift in Sources */ = {isa = PBXBuildFile; fileRef = A10000000000000000000013 /* BackendLifecycleModel.swift */; };
		A10000000000000000000004 /* Localizable.xcstrings in Resources */ = {isa = PBXBuildFile; fileRef = A10000000000000000000014 /* Localizable.xcstrings */; };
		A10000000000000000000261 /* countries-110m.json in Resources */ = {isa = PBXBuildFile; fileRef = A10000000000000000000260 /* countries-110m.json */; };
		F00100000000000000000010 /* countries-110m.json in Resources */ = {isa = PBXBuildFile; fileRef = A10000000000000000000260 /* countries-110m.json */; };
		A100000000000000000000230 /* Assets.xcassets in Resources */ = {isa = PBXBuildFile; fileRef = A100000000000000000000231 /* Assets.xcassets */; };
		A10000000000000000000005 /* BackendTypes.swift in Sources */ = {isa = PBXBuildFile; fileRef = A10000000000000000000015 /* BackendTypes.swift */; };
		A10000000000000000000006 /* MockBackend.swift in Sources */ = {isa = PBXBuildFile; fileRef = A10000000000000000000016 /* MockBackend.swift */; };
		A10000000000000000000007 /* TargetServiceXPCProtocol.swift in Sources */ = {isa = PBXBuildFile; fileRef = A10000000000000000000017 /* TargetServiceXPCProtocol.swift */; };
		A10000000000000000000008 /* TargetServiceClient.swift in Sources */ = {isa = PBXBuildFile; fileRef = A10000000000000000000018 /* TargetServiceClient.swift */; };
		A10000000000000000000009 /* main.swift in Sources */ = {isa = PBXBuildFile; fileRef = A10000000000000000000021 /* main.swift */; };
		A1000000000000000000000A /* BackendTypes.swift in Sources */ = {isa = PBXBuildFile; fileRef = A10000000000000000000015 /* BackendTypes.swift */; };
		A1000000000000000000000B /* MockBackend.swift in Sources */ = {isa = PBXBuildFile; fileRef = A10000000000000000000016 /* MockBackend.swift */; };
		A1000000000000000000000C /* TargetServiceXPCProtocol.swift in Sources */ = {isa = PBXBuildFile; fileRef = A10000000000000000000017 /* TargetServiceXPCProtocol.swift */; };
		A1000000000000000000000D /* BackendArchitectureTests.swift in Sources */ = {isa = PBXBuildFile; fileRef = A10000000000000000000031 /* BackendArchitectureTests.swift */; };
		E10000000000000000000001 /* EngineLifecycleTests.swift in Sources */ = {isa = PBXBuildFile; fileRef = E10000000000000000000002 /* EngineLifecycleTests.swift */; };
		A1000000000000000000000E /* TargetService in Embed Privileged Service */ = {isa = PBXBuildFile; fileRef = A10000000000000000000042 /* TargetService */; settings = {ATTRIBUTES = (CodeSignOnCopy, ); }; };
		A1000000000000000000000F /* com.jason312928.Target.TargetService.plist in Embed LaunchDaemon Definition */ = {isa = PBXBuildFile; fileRef = A10000000000000000000022 /* com.jason312928.Target.TargetService.plist */; };
		A10000000000000000000010 /* SingBoxBackend.swift in Sources */ = {isa = PBXBuildFile; fileRef = A10000000000000000000019 /* SingBoxBackend.swift */; };
		A10000000000000000000020 /* install_sing_box.sh in Resources */ = {isa = PBXBuildFile; fileRef = A1000000000000000000001A /* install_sing_box.sh */; };
		A10000000000000000000023 /* SystemProxyController.swift in Sources */ = {isa = PBXBuildFile; fileRef = A10000000000000000000024 /* SystemProxyController.swift */; };
		A10000000000000000000025 /* SystemProxyController.swift in Sources */ = {isa = PBXBuildFile; fileRef = A10000000000000000000024 /* SystemProxyController.swift */; };
		A10000000000000000000026 /* HostNetworkSafety.swift in Sources */ = {isa = PBXBuildFile; fileRef = A10000000000000000000027 /* HostNetworkSafety.swift */; };
		A10000000000000000000028 /* HostNetworkSafety.swift in Sources */ = {isa = PBXBuildFile; fileRef = A10000000000000000000027 /* HostNetworkSafety.swift */; };
		A10000000000000000000029 /* EngineRuntimeOwnership.swift in Sources */ = {isa = PBXBuildFile; fileRef = A1000000000000000000002A /* EngineRuntimeOwnership.swift */; };
		A100000000000000000000240 /* RuntimeControl.swift in Sources */ = {isa = PBXBuildFile; fileRef = A100000000000000000000241 /* RuntimeControl.swift */; };
		A100000000000000000000244 /* RuntimeActivity.swift in Sources */ = {isa = PBXBuildFile; fileRef = A100000000000000000000245 /* RuntimeActivity.swift */; };
		A100000000000000000000246 /* RuntimeActivityViews.swift in Sources */ = {isa = PBXBuildFile; fileRef = A100000000000000000000247 /* RuntimeActivityViews.swift */; };
		A10000000000000000000033 /* ProfileModels.swift in Sources */ = {isa = PBXBuildFile; fileRef = A10000000000000000000034 /* ProfileModels.swift */; };
		A10000000000000000000250 /* SmartPolicyEngine.swift in Sources */ = {isa = PBXBuildFile; fileRef = A10000000000000000000251 /* SmartPolicyEngine.swift */; };
		A10000000000000000000035 /* ProfileStore.swift in Sources */ = {isa = PBXBuildFile; fileRef = A10000000000000000000036 /* ProfileStore.swift */; };
		A10000000000000000000037 /* SingBoxConfigurationChecker.swift in Sources */ = {isa = PBXBuildFile; fileRef = A10000000000000000000038 /* SingBoxConfigurationChecker.swift */; };
		A10000000000000000000039 /* ProfileViewModel.swift in Sources */ = {isa = PBXBuildFile; fileRef = A1000000000000000000003A /* ProfileViewModel.swift */; };
		A1000000000000000000003B /* JSONCodeEditor.swift in Sources */ = {isa = PBXBuildFile; fileRef = A1000000000000000000003C /* JSONCodeEditor.swift */; };
		A1000000000000000000003D /* ProfileWorkspaceView.swift in Sources */ = {isa = PBXBuildFile; fileRef = A1000000000000000000003E /* ProfileWorkspaceView.swift */; };
		D40000000000000000000001 /* PolicyWorkspacePresentation.swift in Sources */ = {isa = PBXBuildFile; fileRef = D40000000000000000000021 /* PolicyWorkspacePresentation.swift */; };
		D40000000000000000000002 /* ProfilePolicyWorkspaceView.swift in Sources */ = {isa = PBXBuildFile; fileRef = D40000000000000000000022 /* ProfilePolicyWorkspaceView.swift */; };
		D40000000000000000000003 /* ProfileSiteRouteViews.swift in Sources */ = {isa = PBXBuildFile; fileRef = D40000000000000000000023 /* ProfileSiteRouteViews.swift */; };
		D40000000000000000000011 /* PolicyWorkspacePresentation.swift in Sources */ = {isa = PBXBuildFile; fileRef = D40000000000000000000021 /* PolicyWorkspacePresentation.swift */; };
		D40000000000000000000012 /* ProfilePolicyWorkspaceView.swift in Sources */ = {isa = PBXBuildFile; fileRef = D40000000000000000000022 /* ProfilePolicyWorkspaceView.swift */; };
		D40000000000000000000013 /* ProfileSiteRouteViews.swift in Sources */ = {isa = PBXBuildFile; fileRef = D40000000000000000000023 /* ProfileSiteRouteViews.swift */; };
		F20000000000000000000001 /* ProfileStorePersistenceTests.swift in Sources */ = {isa = PBXBuildFile; fileRef = F20000000000000000000009 /* ProfileStorePersistenceTests.swift */; };
		F20000000000000000000002 /* ProfilePolicyPersistenceTests.swift in Sources */ = {isa = PBXBuildFile; fileRef = F20000000000000000000010 /* ProfilePolicyPersistenceTests.swift */; };
		F20000000000000000000003 /* ProfileStoreRecoveryTests.swift in Sources */ = {isa = PBXBuildFile; fileRef = F20000000000000000000011 /* ProfileStoreRecoveryTests.swift */; };
		F20000000000000000000004 /* ProfileSubscriptionTests.swift in Sources */ = {isa = PBXBuildFile; fileRef = F20000000000000000000012 /* ProfileSubscriptionTests.swift */; };
		F20000000000000000000005 /* ProfileImportTests.swift in Sources */ = {isa = PBXBuildFile; fileRef = F20000000000000000000013 /* ProfileImportTests.swift */; };
		F20000000000000000000006 /* ProfileExportTests.swift in Sources */ = {isa = PBXBuildFile; fileRef = F20000000000000000000014 /* ProfileExportTests.swift */; };
		F20000000000000000000007 /* ProfileViewModelTests.swift in Sources */ = {isa = PBXBuildFile; fileRef = F20000000000000000000015 /* ProfileViewModelTests.swift */; };
		F20000000000000000000008 /* ProfileTestSupport.swift in Sources */ = {isa = PBXBuildFile; fileRef = F20000000000000000000016 /* ProfileTestSupport.swift */; };
		A10000000000000000000044 /* ProfileRuntimeConfiguration.swift in Sources */ = {isa = PBXBuildFile; fileRef = A10000000000000000000045 /* ProfileRuntimeConfiguration.swift */; };
		A1000000000000000000002B /* EngineRuntimeOwnership.swift in Sources */ = {isa = PBXBuildFile; fileRef = A1000000000000000000002A /* EngineRuntimeOwnership.swift */; };
		A10000000000000000000046 /* ProfileSubscription.swift in Sources */ = {isa = PBXBuildFile; fileRef = A10000000000000000000047 /* ProfileSubscription.swift */; };
		A100000000000000000000AA /* ProfileEncryptedStorage.swift in Sources */ = {isa = PBXBuildFile; fileRef = A100000000000000000000AB /* ProfileEncryptedStorage.swift */; };
		A100000000000000000000AC /* ProfileTransfer.swift in Sources */ = {isa = PBXBuildFile; fileRef = A100000000000000000000AD /* ProfileTransfer.swift */; };
		A100000000000000000000201 /* DashboardPresentation.swift in Sources */ = {isa = PBXBuildFile; fileRef = A100000000000000000000202 /* DashboardPresentation.swift */; };
		A100000000000000000000205 /* DashboardView.swift in Sources */ = {isa = PBXBuildFile; fileRef = A100000000000000000000206 /* DashboardView.swift */; };
		A100000000000000000000207 /* DashboardPresentationTests.swift in Sources */ = {isa = PBXBuildFile; fileRef = A100000000000000000000208 /* DashboardPresentationTests.swift */; };
		A100000000000000000000210 /* AppDestination.swift in Sources */ = {isa = PBXBuildFile; fileRef = A100000000000000000000211 /* AppDestination.swift */; };
		A100000000000000000000212 /* AppShellView.swift in Sources */ = {isa = PBXBuildFile; fileRef = A100000000000000000000213 /* AppShellView.swift */; };
		A100000000000000000000214 /* TargetUI.swift in Sources */ = {isa = PBXBuildFile; fileRef = A100000000000000000000215 /* TargetUI.swift */; };
		A100000000000000000000216 /* AppShellRoutingTests.swift in Sources */ = {isa = PBXBuildFile; fileRef = A100000000000000000000217 /* AppShellRoutingTests.swift */; };
		E60000000000000000000001 /* MenuBarPresentation.swift in Sources */ = {isa = PBXBuildFile; fileRef = E60000000000000000000011 /* MenuBarPresentation.swift */; };
		E60000000000000000000002 /* MenuBarView.swift in Sources */ = {isa = PBXBuildFile; fileRef = E60000000000000000000012 /* MenuBarView.swift */; };
		E60000000000000000000003 /* MenuBarPresentationTests.swift in Sources */ = {isa = PBXBuildFile; fileRef = E60000000000000000000013 /* MenuBarPresentationTests.swift */; };
		F70000000000000000000001 /* ApplicationPreferences.swift in Sources */ = {isa = PBXBuildFile; fileRef = F70000000000000000000011 /* ApplicationPreferences.swift */; };
		F70000000000000000000002 /* SettingsView.swift in Sources */ = {isa = PBXBuildFile; fileRef = F70000000000000000000012 /* SettingsView.swift */; };
		F70000000000000000000003 /* OnboardingView.swift in Sources */ = {isa = PBXBuildFile; fileRef = F70000000000000000000013 /* OnboardingView.swift */; };
		F70000000000000000000004 /* ApplicationPreferencesTests.swift in Sources */ = {isa = PBXBuildFile; fileRef = F70000000000000000000014 /* ApplicationPreferencesTests.swift */; };
		F70000000000000000000005 /* SMAppLoginItemManager.swift in Sources */ = {isa = PBXBuildFile; fileRef = F70000000000000000000015 /* SMAppLoginItemManager.swift */; };
		F70000000000000000000006 /* ApplicationPreferences.swift in Sources */ = {isa = PBXBuildFile; fileRef = F70000000000000000000011 /* ApplicationPreferences.swift */; };
		F70000000000000000000007 /* OnboardingView.swift in Sources */ = {isa = PBXBuildFile; fileRef = F70000000000000000000013 /* OnboardingView.swift */; };
		A100000000000000000000220 /* ProfileWorkspaceInteraction.swift in Sources */ = {isa = PBXBuildFile; fileRef = A100000000000000000000221 /* ProfileWorkspaceInteraction.swift */; };
		A100000000000000000000222 /* ProfileWorkspaceInteractionTests.swift in Sources */ = {isa = PBXBuildFile; fileRef = A100000000000000000000223 /* ProfileWorkspaceInteractionTests.swift */; };
		A100000000000000000000224 /* JSONLineNumberCalculationTests.swift in Sources */ = {isa = PBXBuildFile; fileRef = A100000000000000000000225 /* JSONLineNumberCalculationTests.swift */; };
		A100000000000000000000242 /* RuntimeControlTests.swift in Sources */ = {isa = PBXBuildFile; fileRef = A100000000000000000000243 /* RuntimeControlTests.swift */; };
		A10000000000000000000252 /* SmartPolicyEngineTests.swift in Sources */ = {isa = PBXBuildFile; fileRef = A10000000000000000000253 /* SmartPolicyEngineTests.swift */; };
		F00100000000000000000001 /* TargetPresentationTestHostApp.swift in Sources */ = {isa = PBXBuildFile; fileRef = F00100000000000000000011 /* TargetPresentationTestHostApp.swift */; };
		F00100000000000000000002 /* PresentationFixture.swift in Sources */ = {isa = PBXBuildFile; fileRef = F00100000000000000000012 /* PresentationFixture.swift */; };
		F00100000000000000000003 /* PresentationLifecycleShim.swift in Sources */ = {isa = PBXBuildFile; fileRef = F00100000000000000000013 /* PresentationLifecycleShim.swift */; };
		F00100000000000000000004 /* PresentationStateProbe.swift in Sources */ = {isa = PBXBuildFile; fileRef = F00100000000000000000014 /* PresentationStateProbe.swift */; };
		F00100000000000000000007 /* PresentationRuntimeUsageShim.swift in Sources */ = {isa = PBXBuildFile; fileRef = F00100000000000000000015 /* PresentationRuntimeUsageShim.swift */; };
		F00100000000000000000008 /* PresentationDashboardView.swift in Sources */ = {isa = PBXBuildFile; fileRef = F00100000000000000000016 /* PresentationDashboardView.swift */; };
		F0010000000000000000000B /* PresentationRuntimeActivityView.swift in Sources */ = {isa = PBXBuildFile; fileRef = F00100000000000000000017 /* PresentationRuntimeActivityView.swift */; };
		F00100000000000000000009 /* AppDestination.swift in Sources */ = {isa = PBXBuildFile; fileRef = A100000000000000000000211 /* AppDestination.swift */; };
		F0010000000000000000000A /* AppShellView.swift in Sources */ = {isa = PBXBuildFile; fileRef = A100000000000000000000213 /* AppShellView.swift */; };
		F00100000000000000000005 /* Localizable.xcstrings in Resources */ = {isa = PBXBuildFile; fileRef = A10000000000000000000014 /* Localizable.xcstrings */; };
		F00100000000000000000006 /* ProfileWorkspacePresentationUITests.swift in Sources */ = {isa = PBXBuildFile; fileRef = F00100000000000000000021 /* ProfileWorkspacePresentationUITests.swift */; };
		C10000000000000000000003 /* TargetAutomationOperations.swift in Sources */ = {isa = PBXBuildFile; fileRef = C10000000000000000000013 /* TargetAutomationOperations.swift */; };
		D20000000000000000000001 /* TargetRuntimeOperations.swift in Sources */ = {isa = PBXBuildFile; fileRef = D20000000000000000000011 /* TargetRuntimeOperations.swift */; };
		D30000000000000000000001 /* TargetSystemProxyOperations.swift in Sources */ = {isa = PBXBuildFile; fileRef = D30000000000000000000011 /* TargetSystemProxyOperations.swift */; };
		B20000000000000000000001 /* AutomationProtocol.swift in Sources */ = {isa = PBXBuildFile; fileRef = C10000000000000000000011 /* AutomationProtocol.swift */; };
		B20000000000000000000002 /* AutomationSocket.swift in Sources */ = {isa = PBXBuildFile; fileRef = C10000000000000000000012 /* AutomationSocket.swift */; };
		B20000000000000000000003 /* libTargetCore.a in Frameworks */ = {isa = PBXBuildFile; fileRef = B20000000000000000000011 /* libTargetCore.a */; };
		B20000000000000000000004 /* libTargetCore.a in Frameworks */ = {isa = PBXBuildFile; fileRef = B20000000000000000000011 /* libTargetCore.a */; };
		B20000000000000000000005 /* libTargetCore.a in Frameworks */ = {isa = PBXBuildFile; fileRef = B20000000000000000000011 /* libTargetCore.a */; };
		B20000000000000000000006 /* libTargetCore.a in Frameworks */ = {isa = PBXBuildFile; fileRef = B20000000000000000000011 /* libTargetCore.a */; };
		C10000000000000000000006 /* main.swift in Sources */ = {isa = PBXBuildFile; fileRef = C10000000000000000000014 /* main.swift */; };
		C10000000000000000000007 /* targetctl in Embed Local Automation CLI */ = {isa = PBXBuildFile; fileRef = C10000000000000000000015 /* targetctl */; settings = {ATTRIBUTES = (CodeSignOnCopy, ); }; };
		C10000000000000000000008 /* AutomationControlPlaneTests.swift in Sources */ = {isa = PBXBuildFile; fileRef = C10000000000000000000016 /* AutomationControlPlaneTests.swift */; };
		D20000000000000000000002 /* TargetRuntimeOperationsTests.swift in Sources */ = {isa = PBXBuildFile; fileRef = D20000000000000000000012 /* TargetRuntimeOperationsTests.swift */; };
		D30000000000000000000002 /* SystemProxyRecoveryAvailabilityTests.swift in Sources */ = {isa = PBXBuildFile; fileRef = D30000000000000000000012 /* SystemProxyRecoveryAvailabilityTests.swift */; };
		E50000000000000000000001 /* SubscriptionIntake.swift in Sources */ = {isa = PBXBuildFile; fileRef = E50000000000000000000011 /* SubscriptionIntake.swift */; };
		E50000000000000000000002 /* SubscriptionIntake.swift in Sources */ = {isa = PBXBuildFile; fileRef = E50000000000000000000011 /* SubscriptionIntake.swift */; };
		E50000000000000000000003 /* Yams in Frameworks */ = {isa = PBXBuildFile; productRef = E50000000000000000000021 /* Yams */; };
		E50000000000000000000004 /* Yams in Frameworks */ = {isa = PBXBuildFile; productRef = E50000000000000000000021 /* Yams */; };
		U80000000000000000000001 /* TargetUpdateController.swift in Sources */ = {isa = PBXBuildFile; fileRef = U80000000000000000000011 /* TargetUpdateController.swift */; };
		U80000000000000000000002 /* TargetUpdateControllerTests.swift in Sources */ = {isa = PBXBuildFile; fileRef = U80000000000000000000012 /* TargetUpdateControllerTests.swift */; };
		U80000000000000000000003 /* Sparkle in Frameworks */ = {isa = PBXBuildFile; productRef = U80000000000000000000021 /* Sparkle */; };
/* End PBXBuildFile section */

/* Begin PBXContainerItemProxy section */
		A10000000000000000000051 /* PBXContainerItemProxy */ = {
			isa = PBXContainerItemProxy;
			containerPortal = A10000000000000000000060 /* Project object */;
			proxyType = 1;
			remoteGlobalIDString = A10000000000000000000070;
			remoteInfo = Target;
		};
		A10000000000000000000053 /* PBXContainerItemProxy */ = {
			isa = PBXContainerItemProxy;
			containerPortal = A10000000000000000000060 /* Project object */;
			proxyType = 1;
			remoteGlobalIDString = A10000000000000000000071;
			remoteInfo = TargetService;
		};
		C10000000000000000000051 /* PBXContainerItemProxy */ = {
			isa = PBXContainerItemProxy;
			containerPortal = A10000000000000000000060 /* Project object */;
			proxyType = 1;
			remoteGlobalIDString = C10000000000000000000070;
			remoteInfo = targetctl;
		};
		F00100000000000000000051 /* PBXContainerItemProxy */ = {
			isa = PBXContainerItemProxy;
			containerPortal = A10000000000000000000060 /* Project object */;
			proxyType = 1;
			remoteGlobalIDString = F00100000000000000000070;
			remoteInfo = TargetPresentationTestHost;
		};
		B20000000000000000000021 /* PBXContainerItemProxy */ = {
			isa = PBXContainerItemProxy;
			containerPortal = A10000000000000000000060 /* Project object */;
			proxyType = 1;
			remoteGlobalIDString = B20000000000000000000030;
			remoteInfo = TargetCore;
		};
/* End PBXContainerItemProxy section */

/* Begin PBXFileReference section */
		A10000000000000000000011 /* TargetApp.swift */ = {isa = PBXFileReference; lastKnownFileType = sourcecode.swift; path = TargetApp.swift; sourceTree = "<group>"; };
		A10000000000000000000012 /* ContentView.swift */ = {isa = PBXFileReference; lastKnownFileType = sourcecode.swift; path = ContentView.swift; sourceTree = "<group>"; };
		A10000000000000000000013 /* BackendLifecycleModel.swift */ = {isa = PBXFileReference; lastKnownFileType = sourcecode.swift; path = BackendLifecycleModel.swift; sourceTree = "<group>"; };
		A10000000000000000000014 /* Localizable.xcstrings */ = {isa = PBXFileReference; lastKnownFileType = text.json.xcstrings; path = Localizable.xcstrings; sourceTree = "<group>"; };
		A10000000000000000000260 /* countries-110m.json */ = {isa = PBXFileReference; lastKnownFileType = text.json; path = countries-110m.json; sourceTree = "<group>"; };
		A100000000000000000000233 /* Info.plist */ = {isa = PBXFileReference; lastKnownFileType = text.plist.xml; path = Info.plist; sourceTree = "<group>"; };
		A100000000000000000000231 /* Assets.xcassets */ = {isa = PBXFileReference; lastKnownFileType = folder.assetcatalog; path = Assets.xcassets; sourceTree = "<group>"; };
		A10000000000000000000015 /* BackendTypes.swift */ = {isa = PBXFileReference; lastKnownFileType = sourcecode.swift; path = BackendTypes.swift; sourceTree = "<group>"; };
		A10000000000000000000016 /* MockBackend.swift */ = {isa = PBXFileReference; lastKnownFileType = sourcecode.swift; path = MockBackend.swift; sourceTree = "<group>"; };
		A10000000000000000000017 /* TargetServiceXPCProtocol.swift */ = {isa = PBXFileReference; lastKnownFileType = sourcecode.swift; path = TargetServiceXPCProtocol.swift; sourceTree = "<group>"; };
		A10000000000000000000018 /* TargetServiceClient.swift */ = {isa = PBXFileReference; lastKnownFileType = sourcecode.swift; path = TargetServiceClient.swift; sourceTree = "<group>"; };
		A10000000000000000000019 /* SingBoxBackend.swift */ = {isa = PBXFileReference; lastKnownFileType = sourcecode.swift; path = SingBoxBackend.swift; sourceTree = "<group>"; };
		A1000000000000000000001A /* install_sing_box.sh */ = {isa = PBXFileReference; lastKnownFileType = text.script.sh; path = Scripts/install_sing_box.sh; sourceTree = "<group>"; };
		A10000000000000000000024 /* SystemProxyController.swift */ = {isa = PBXFileReference; lastKnownFileType = sourcecode.swift; path = SystemProxyController.swift; sourceTree = "<group>"; };
		A10000000000000000000027 /* HostNetworkSafety.swift */ = {isa = PBXFileReference; lastKnownFileType = sourcecode.swift; path = HostNetworkSafety.swift; sourceTree = "<group>"; };
		A1000000000000000000002A /* EngineRuntimeOwnership.swift */ = {isa = PBXFileReference; lastKnownFileType = sourcecode.swift; path = EngineRuntimeOwnership.swift; sourceTree = "<group>"; };
		A100000000000000000000241 /* RuntimeControl.swift */ = {isa = PBXFileReference; lastKnownFileType = sourcecode.swift; path = RuntimeControl.swift; sourceTree = "<group>"; };
		A100000000000000000000245 /* RuntimeActivity.swift */ = {isa = PBXFileReference; lastKnownFileType = sourcecode.swift; path = RuntimeActivity.swift; sourceTree = "<group>"; };
		A100000000000000000000247 /* RuntimeActivityViews.swift */ = {isa = PBXFileReference; lastKnownFileType = sourcecode.swift; path = RuntimeActivityViews.swift; sourceTree = "<group>"; };
		A10000000000000000000034 /* ProfileModels.swift */ = {isa = PBXFileReference; lastKnownFileType = sourcecode.swift; path = ProfileModels.swift; sourceTree = "<group>"; };
		A10000000000000000000251 /* SmartPolicyEngine.swift */ = {isa = PBXFileReference; lastKnownFileType = sourcecode.swift; path = SmartPolicyEngine.swift; sourceTree = "<group>"; };
		A10000000000000000000036 /* ProfileStore.swift */ = {isa = PBXFileReference; lastKnownFileType = sourcecode.swift; path = ProfileStore.swift; sourceTree = "<group>"; };
		A10000000000000000000038 /* SingBoxConfigurationChecker.swift */ = {isa = PBXFileReference; lastKnownFileType = sourcecode.swift; path = SingBoxConfigurationChecker.swift; sourceTree = "<group>"; };
		A1000000000000000000003A /* ProfileViewModel.swift */ = {isa = PBXFileReference; lastKnownFileType = sourcecode.swift; path = ProfileViewModel.swift; sourceTree = "<group>"; };
		A1000000000000000000003C /* JSONCodeEditor.swift */ = {isa = PBXFileReference; lastKnownFileType = sourcecode.swift; path = JSONCodeEditor.swift; sourceTree = "<group>"; };
		A1000000000000000000003E /* ProfileWorkspaceView.swift */ = {isa = PBXFileReference; lastKnownFileType = sourcecode.swift; path = ProfileWorkspaceView.swift; sourceTree = "<group>"; };
		D40000000000000000000021 /* PolicyWorkspacePresentation.swift */ = {isa = PBXFileReference; lastKnownFileType = sourcecode.swift; path = PolicyWorkspacePresentation.swift; sourceTree = "<group>"; };
		D40000000000000000000022 /* ProfilePolicyWorkspaceView.swift */ = {isa = PBXFileReference; lastKnownFileType = sourcecode.swift; path = ProfilePolicyWorkspaceView.swift; sourceTree = "<group>"; };
		D40000000000000000000023 /* ProfileSiteRouteViews.swift */ = {isa = PBXFileReference; lastKnownFileType = sourcecode.swift; path = ProfileSiteRouteViews.swift; sourceTree = "<group>"; };
		F20000000000000000000009 /* ProfileStorePersistenceTests.swift */ = {isa = PBXFileReference; lastKnownFileType = sourcecode.swift; path = ProfileStorePersistenceTests.swift; sourceTree = "<group>"; };
		F20000000000000000000010 /* ProfilePolicyPersistenceTests.swift */ = {isa = PBXFileReference; lastKnownFileType = sourcecode.swift; path = ProfilePolicyPersistenceTests.swift; sourceTree = "<group>"; };
		F20000000000000000000011 /* ProfileStoreRecoveryTests.swift */ = {isa = PBXFileReference; lastKnownFileType = sourcecode.swift; path = ProfileStoreRecoveryTests.swift; sourceTree = "<group>"; };
		F20000000000000000000012 /* ProfileSubscriptionTests.swift */ = {isa = PBXFileReference; lastKnownFileType = sourcecode.swift; path = ProfileSubscriptionTests.swift; sourceTree = "<group>"; };
		F20000000000000000000013 /* ProfileImportTests.swift */ = {isa = PBXFileReference; lastKnownFileType = sourcecode.swift; path = ProfileImportTests.swift; sourceTree = "<group>"; };
		F20000000000000000000014 /* ProfileExportTests.swift */ = {isa = PBXFileReference; lastKnownFileType = sourcecode.swift; path = ProfileExportTests.swift; sourceTree = "<group>"; };
		F20000000000000000000015 /* ProfileViewModelTests.swift */ = {isa = PBXFileReference; lastKnownFileType = sourcecode.swift; path = ProfileViewModelTests.swift; sourceTree = "<group>"; };
		F20000000000000000000016 /* ProfileTestSupport.swift */ = {isa = PBXFileReference; lastKnownFileType = sourcecode.swift; path = ProfileTestSupport.swift; sourceTree = "<group>"; };
		A10000000000000000000045 /* ProfileRuntimeConfiguration.swift */ = {isa = PBXFileReference; lastKnownFileType = sourcecode.swift; path = ProfileRuntimeConfiguration.swift; sourceTree = "<group>"; };
		A10000000000000000000047 /* ProfileSubscription.swift */ = {isa = PBXFileReference; lastKnownFileType = sourcecode.swift; path = ProfileSubscription.swift; sourceTree = "<group>"; };
		A100000000000000000000AB /* ProfileEncryptedStorage.swift */ = {isa = PBXFileReference; lastKnownFileType = sourcecode.swift; path = ProfileEncryptedStorage.swift; sourceTree = "<group>"; };
		A100000000000000000000AD /* ProfileTransfer.swift */ = {isa = PBXFileReference; lastKnownFileType = sourcecode.swift; path = ProfileTransfer.swift; sourceTree = "<group>"; };
		A100000000000000000000202 /* DashboardPresentation.swift */ = {isa = PBXFileReference; lastKnownFileType = sourcecode.swift; path = DashboardPresentation.swift; sourceTree = "<group>"; };
		A100000000000000000000206 /* DashboardView.swift */ = {isa = PBXFileReference; lastKnownFileType = sourcecode.swift; path = DashboardView.swift; sourceTree = "<group>"; };
		A100000000000000000000208 /* DashboardPresentationTests.swift */ = {isa = PBXFileReference; lastKnownFileType = sourcecode.swift; path = DashboardPresentationTests.swift; sourceTree = "<group>"; };
		A100000000000000000000211 /* AppDestination.swift */ = {isa = PBXFileReference; lastKnownFileType = sourcecode.swift; path = AppDestination.swift; sourceTree = "<group>"; };
		A100000000000000000000213 /* AppShellView.swift */ = {isa = PBXFileReference; lastKnownFileType = sourcecode.swift; path = AppShellView.swift; sourceTree = "<group>"; };
		A100000000000000000000215 /* TargetUI.swift */ = {isa = PBXFileReference; lastKnownFileType = sourcecode.swift; path = TargetUI.swift; sourceTree = "<group>"; };
		A100000000000000000000217 /* AppShellRoutingTests.swift */ = {isa = PBXFileReference; lastKnownFileType = sourcecode.swift; path = AppShellRoutingTests.swift; sourceTree = "<group>"; };
		E60000000000000000000011 /* MenuBarPresentation.swift */ = {isa = PBXFileReference; lastKnownFileType = sourcecode.swift; path = MenuBarPresentation.swift; sourceTree = "<group>"; };
		E60000000000000000000012 /* MenuBarView.swift */ = {isa = PBXFileReference; lastKnownFileType = sourcecode.swift; path = MenuBarView.swift; sourceTree = "<group>"; };
		E60000000000000000000013 /* MenuBarPresentationTests.swift */ = {isa = PBXFileReference; lastKnownFileType = sourcecode.swift; path = MenuBarPresentationTests.swift; sourceTree = "<group>"; };
		F70000000000000000000011 /* ApplicationPreferences.swift */ = {isa = PBXFileReference; lastKnownFileType = sourcecode.swift; path = ApplicationPreferences.swift; sourceTree = "<group>"; };
		F70000000000000000000012 /* SettingsView.swift */ = {isa = PBXFileReference; lastKnownFileType = sourcecode.swift; path = SettingsView.swift; sourceTree = "<group>"; };
		F70000000000000000000013 /* OnboardingView.swift */ = {isa = PBXFileReference; lastKnownFileType = sourcecode.swift; path = OnboardingView.swift; sourceTree = "<group>"; };
		F70000000000000000000014 /* ApplicationPreferencesTests.swift */ = {isa = PBXFileReference; lastKnownFileType = sourcecode.swift; path = ApplicationPreferencesTests.swift; sourceTree = "<group>"; };
		F70000000000000000000015 /* SMAppLoginItemManager.swift */ = {isa = PBXFileReference; lastKnownFileType = sourcecode.swift; path = SMAppLoginItemManager.swift; sourceTree = "<group>"; };
		A100000000000000000000221 /* ProfileWorkspaceInteraction.swift */ = {isa = PBXFileReference; lastKnownFileType = sourcecode.swift; path = ProfileWorkspaceInteraction.swift; sourceTree = "<group>"; };
		A100000000000000000000223 /* ProfileWorkspaceInteractionTests.swift */ = {isa = PBXFileReference; lastKnownFileType = sourcecode.swift; path = ProfileWorkspaceInteractionTests.swift; sourceTree = "<group>"; };
		A100000000000000000000225 /* JSONLineNumberCalculationTests.swift */ = {isa = PBXFileReference; lastKnownFileType = sourcecode.swift; path = JSONLineNumberCalculationTests.swift; sourceTree = "<group>"; };
		A100000000000000000000243 /* RuntimeControlTests.swift */ = {isa = PBXFileReference; lastKnownFileType = sourcecode.swift; path = RuntimeControlTests.swift; sourceTree = "<group>"; };
		A10000000000000000000253 /* SmartPolicyEngineTests.swift */ = {isa = PBXFileReference; lastKnownFileType = sourcecode.swift; path = TargetTests/SmartPolicyEngineTests.swift; sourceTree = "<group>"; };
		A10000000000000000000021 /* main.swift */ = {isa = PBXFileReference; lastKnownFileType = sourcecode.swift; path = main.swift; sourceTree = "<group>"; };
		A10000000000000000000022 /* com.jason312928.Target.TargetService.plist */ = {isa = PBXFileReference; lastKnownFileType = text.plist.xml; path = com.jason312928.Target.TargetService.plist; sourceTree = "<group>"; };
		A10000000000000000000031 /* BackendArchitectureTests.swift */ = {isa = PBXFileReference; lastKnownFileType = sourcecode.swift; path = BackendArchitectureTests.swift; sourceTree = "<group>"; };
		E10000000000000000000002 /* EngineLifecycleTests.swift */ = {isa = PBXFileReference; lastKnownFileType = sourcecode.swift; path = EngineLifecycleTests.swift; sourceTree = "<group>"; };
		A10000000000000000000041 /* Target.app */ = {isa = PBXFileReference; explicitFileType = wrapper.application; includeInIndex = 0; path = Target.app; sourceTree = BUILT_PRODUCTS_DIR; };
		A10000000000000000000042 /* TargetService */ = {isa = PBXFileReference; explicitFileType = "compiled.mach-o.executable"; includeInIndex = 0; path = TargetService; sourceTree = BUILT_PRODUCTS_DIR; };
		A10000000000000000000043 /* TargetTests.xctest */ = {isa = PBXFileReference; explicitFileType = wrapper.cfbundle; includeInIndex = 0; path = TargetTests.xctest; sourceTree = BUILT_PRODUCTS_DIR; };
		F00100000000000000000011 /* TargetPresentationTestHostApp.swift */ = {isa = PBXFileReference; lastKnownFileType = sourcecode.swift; path = TargetPresentationTestHostApp.swift; sourceTree = "<group>"; };
		F00100000000000000000012 /* PresentationFixture.swift */ = {isa = PBXFileReference; lastKnownFileType = sourcecode.swift; path = PresentationFixture.swift; sourceTree = "<group>"; };
		F00100000000000000000013 /* PresentationLifecycleShim.swift */ = {isa = PBXFileReference; lastKnownFileType = sourcecode.swift; path = PresentationLifecycleShim.swift; sourceTree = "<group>"; };
		F00100000000000000000014 /* PresentationStateProbe.swift */ = {isa = PBXFileReference; lastKnownFileType = sourcecode.swift; path = PresentationStateProbe.swift; sourceTree = "<group>"; };
		F00100000000000000000015 /* PresentationRuntimeUsageShim.swift */ = {isa = PBXFileReference; lastKnownFileType = sourcecode.swift; path = PresentationRuntimeUsageShim.swift; sourceTree = "<group>"; };
		F00100000000000000000016 /* PresentationDashboardView.swift */ = {isa = PBXFileReference; lastKnownFileType = sourcecode.swift; path = PresentationDashboardView.swift; sourceTree = "<group>"; };
		F00100000000000000000017 /* PresentationRuntimeActivityView.swift */ = {isa = PBXFileReference; lastKnownFileType = sourcecode.swift; path = PresentationRuntimeActivityView.swift; sourceTree = "<group>"; };
		F00100000000000000000021 /* ProfileWorkspacePresentationUITests.swift */ = {isa = PBXFileReference; lastKnownFileType = sourcecode.swift; path = ProfileWorkspacePresentationUITests.swift; sourceTree = "<group>"; };
		F00100000000000000000041 /* TargetPresentationTestHost.app */ = {isa = PBXFileReference; explicitFileType = wrapper.application; includeInIndex = 0; path = TargetPresentationTestHost.app; sourceTree = BUILT_PRODUCTS_DIR; };
		F00100000000000000000042 /* TargetPresentationUITests.xctest */ = {isa = PBXFileReference; explicitFileType = wrapper.cfbundle; includeInIndex = 0; path = TargetPresentationUITests.xctest; sourceTree = BUILT_PRODUCTS_DIR; };
		C10000000000000000000011 /* AutomationProtocol.swift */ = {isa = PBXFileReference; lastKnownFileType = sourcecode.swift; path = AutomationProtocol.swift; sourceTree = "<group>"; };
		C10000000000000000000012 /* AutomationSocket.swift */ = {isa = PBXFileReference; lastKnownFileType = sourcecode.swift; path = AutomationSocket.swift; sourceTree = "<group>"; };
		C10000000000000000000013 /* TargetAutomationOperations.swift */ = {isa = PBXFileReference; lastKnownFileType = sourcecode.swift; path = TargetAutomationOperations.swift; sourceTree = "<group>"; };
		D20000000000000000000011 /* TargetRuntimeOperations.swift */ = {isa = PBXFileReference; lastKnownFileType = sourcecode.swift; path = TargetRuntimeOperations.swift; sourceTree = "<group>"; };
		D30000000000000000000011 /* TargetSystemProxyOperations.swift */ = {isa = PBXFileReference; lastKnownFileType = sourcecode.swift; path = TargetSystemProxyOperations.swift; sourceTree = "<group>"; };
		C10000000000000000000014 /* main.swift */ = {isa = PBXFileReference; lastKnownFileType = sourcecode.swift; path = main.swift; sourceTree = "<group>"; };
		C10000000000000000000015 /* targetctl */ = {isa = PBXFileReference; explicitFileType = "compiled.mach-o.executable"; includeInIndex = 0; path = targetctl; sourceTree = BUILT_PRODUCTS_DIR; };
		B20000000000000000000011 /* libTargetCore.a */ = {isa = PBXFileReference; explicitFileType = archive.ar; includeInIndex = 0; path = libTargetCore.a; sourceTree = BUILT_PRODUCTS_DIR; };
		C10000000000000000000016 /* AutomationControlPlaneTests.swift */ = {isa = PBXFileReference; lastKnownFileType = sourcecode.swift; path = AutomationControlPlaneTests.swift; sourceTree = "<group>"; };
		D20000000000000000000012 /* TargetRuntimeOperationsTests.swift */ = {isa = PBXFileReference; lastKnownFileType = sourcecode.swift; path = TargetRuntimeOperationsTests.swift; sourceTree = "<group>"; };
		D30000000000000000000012 /* SystemProxyRecoveryAvailabilityTests.swift */ = {isa = PBXFileReference; lastKnownFileType = sourcecode.swift; path = SystemProxyRecoveryAvailabilityTests.swift; sourceTree = "<group>"; };
		E50000000000000000000011 /* SubscriptionIntake.swift */ = {isa = PBXFileReference; lastKnownFileType = sourcecode.swift; path = SubscriptionIntake.swift; sourceTree = "<group>"; };
		U80000000000000000000011 /* TargetUpdateController.swift */ = {isa = PBXFileReference; lastKnownFileType = sourcecode.swift; path = TargetUpdateController.swift; sourceTree = "<group>"; };
		U80000000000000000000012 /* TargetUpdateControllerTests.swift */ = {isa = PBXFileReference; lastKnownFileType = sourcecode.swift; path = TargetUpdateControllerTests.swift; sourceTree = "<group>"; };
/* End PBXFileReference section */

/* Begin PBXFrameworksBuildPhase section */
		A10000000000000000000091 /* Frameworks */ = {isa = PBXFrameworksBuildPhase; buildActionMask = 2147483647; files = (B20000000000000000000003 /* libTargetCore.a in Frameworks */, E50000000000000000000003 /* Yams in Frameworks */, U80000000000000000000003 /* Sparkle in Frameworks */, ); runOnlyForDeploymentPostprocessing = 0; };
		A10000000000000000000092 /* Frameworks */ = {isa = PBXFrameworksBuildPhase; buildActionMask = 2147483647; files = (); runOnlyForDeploymentPostprocessing = 0; };
		A10000000000000000000093 /* Frameworks */ = {isa = PBXFrameworksBuildPhase; buildActionMask = 2147483647; files = (B20000000000000000000005 /* libTargetCore.a in Frameworks */, ); runOnlyForDeploymentPostprocessing = 0; };
		F00100000000000000000091 /* Frameworks */ = {isa = PBXFrameworksBuildPhase; buildActionMask = 2147483647; files = (B20000000000000000000006 /* libTargetCore.a in Frameworks */, E50000000000000000000004 /* Yams in Frameworks */, ); runOnlyForDeploymentPostprocessing = 0; };
		F00100000000000000000092 /* Frameworks */ = {isa = PBXFrameworksBuildPhase; buildActionMask = 2147483647; files = (); runOnlyForDeploymentPostprocessing = 0; };
		C10000000000000000000091 /* Frameworks */ = {isa = PBXFrameworksBuildPhase; buildActionMask = 2147483647; files = (B20000000000000000000004 /* libTargetCore.a in Frameworks */, ); runOnlyForDeploymentPostprocessing = 0; };
		B20000000000000000000032 /* Frameworks */ = {isa = PBXFrameworksBuildPhase; buildActionMask = 2147483647; files = (); runOnlyForDeploymentPostprocessing = 0; };
/* End PBXFrameworksBuildPhase section */

/* Begin PBXCopyFilesBuildPhase section */
		A10000000000000000000098 /* Embed Privileged Service */ = {isa = PBXCopyFilesBuildPhase; buildActionMask = 2147483647; dstPath = "Contents/Library/HelperTools"; dstSubfolderSpec = 1; files = (A1000000000000000000000E /* TargetService in Embed Privileged Service */, ); name = "Embed Privileged Service"; runOnlyForDeploymentPostprocessing = 0; };
		A10000000000000000000099 /* Embed LaunchDaemon Definition */ = {isa = PBXCopyFilesBuildPhase; buildActionMask = 2147483647; dstPath = "Contents/Library/LaunchDaemons"; dstSubfolderSpec = 1; files = (A1000000000000000000000F /* com.jason312928.Target.TargetService.plist in Embed LaunchDaemon Definition */, ); name = "Embed LaunchDaemon Definition"; runOnlyForDeploymentPostprocessing = 0; };
		C10000000000000000000098 /* Embed Local Automation CLI */ = {isa = PBXCopyFilesBuildPhase; buildActionMask = 2147483647; dstPath = "Contents/Helpers"; dstSubfolderSpec = 1; files = (C10000000000000000000007 /* targetctl in Embed Local Automation CLI */, ); name = "Embed Local Automation CLI"; runOnlyForDeploymentPostprocessing = 0; };
/* End PBXCopyFilesBuildPhase section */

/* Begin PBXGroup section */
		A100000000000000000000A1 = {isa = PBXGroup; children = (B200000000000000000000A1 /* TargetCore */, A100000000000000000000A2 /* Target */, A100000000000000000000A3 /* TargetService */, C100000000000000000000A1 /* TargetCtl */, A100000000000000000000A4 /* TargetTests */, F001000000000000000000A1 /* TargetPresentationTestHost */, F001000000000000000000A2 /* TargetPresentationUITests */, A100000000000000000000A5 /* Products */); sourceTree = "<group>"; };
		A100000000000000000000A2 /* Target */ = {isa = PBXGroup; children = (A10000000000000000000011 /* TargetApp.swift */, A10000000000000000000012 /* ContentView.swift */, A100000000000000000000233 /* Info.plist */, A100000000000000000000231 /* Assets.xcassets */, C100000000000000000000A2 /* Automation */, A100000000000000000000218 /* AppShell */, A100000000000000000000209 /* Dashboard */, E60000000000000000000014 /* MenuBar */, F70000000000000000000021 /* Settings */, U80000000000000000000031 /* Updates */, F70000000000000000000022 /* Onboarding */, A100000000000000000000248 /* Activity */, A100000000000000000000219 /* Shared */, A100000000000000000000A6 /* Backend */, A100000000000000000000A7 /* Service */, A100000000000000000000A8 /* Resources */, A100000000000000000000A9 /* Profile */); path = Target; sourceTree = "<group>"; };
		A100000000000000000000A3 /* TargetService */ = {isa = PBXGroup; children = (A10000000000000000000021 /* main.swift */, A10000000000000000000022 /* com.jason312928.Target.TargetService.plist */); path = TargetService; sourceTree = "<group>"; };
		A100000000000000000000A4 /* TargetTests */ = {isa = PBXGroup; children = (C10000000000000000000016 /* AutomationControlPlaneTests.swift */, A10000000000000000000031 /* BackendArchitectureTests.swift */, E10000000000000000000002 /* EngineLifecycleTests.swift */, D20000000000000000000012 /* TargetRuntimeOperationsTests.swift */, D30000000000000000000012 /* SystemProxyRecoveryAvailabilityTests.swift */, F20000000000000000000009 /* ProfileStorePersistenceTests.swift */, F20000000000000000000010 /* ProfilePolicyPersistenceTests.swift */, F20000000000000000000011 /* ProfileStoreRecoveryTests.swift */, F20000000000000000000012 /* ProfileSubscriptionTests.swift */, F20000000000000000000013 /* ProfileImportTests.swift */, F20000000000000000000014 /* ProfileExportTests.swift */, F20000000000000000000015 /* ProfileViewModelTests.swift */, F20000000000000000000017 /* TestSupport */, A100000000000000000000208 /* DashboardPresentationTests.swift */, A100000000000000000000217 /* AppShellRoutingTests.swift */, E60000000000000000000013 /* MenuBarPresentationTests.swift */, F70000000000000000000014 /* ApplicationPreferencesTests.swift */, U80000000000000000000012 /* TargetUpdateControllerTests.swift */, A100000000000000000000223 /* ProfileWorkspaceInteractionTests.swift */, A100000000000000000000225 /* JSONLineNumberCalculationTests.swift */, A100000000000000000000243 /* RuntimeControlTests.swift */); path = TargetTests; sourceTree = "<group>"; };
		F20000000000000000000017 /* TestSupport */ = {isa = PBXGroup; children = (F20000000000000000000016 /* ProfileTestSupport.swift */); path = TestSupport; sourceTree = "<group>"; };
		A100000000000000000000A5 /* Products */ = {isa = PBXGroup; children = (A10000000000000000000041 /* Target.app */, A10000000000000000000042 /* TargetService */, C10000000000000000000015 /* targetctl */, B20000000000000000000011 /* libTargetCore.a */, A10000000000000000000043 /* TargetTests.xctest */, F00100000000000000000041 /* TargetPresentationTestHost.app */, F00100000000000000000042 /* TargetPresentationUITests.xctest */); name = Products; sourceTree = "<group>"; };
		B200000000000000000000A1 /* TargetCore */ = {isa = PBXGroup; children = (C10000000000000000000011 /* AutomationProtocol.swift */, C10000000000000000000012 /* AutomationSocket.swift */); path = TargetCore; sourceTree = "<group>"; };
		F001000000000000000000A1 /* TargetPresentationTestHost */ = {isa = PBXGroup; children = (F00100000000000000000011 /* TargetPresentationTestHostApp.swift */, F00100000000000000000012 /* PresentationFixture.swift */, F00100000000000000000013 /* PresentationLifecycleShim.swift */, F00100000000000000000014 /* PresentationStateProbe.swift */, F00100000000000000000015 /* PresentationRuntimeUsageShim.swift */, F00100000000000000000016 /* PresentationDashboardView.swift */, F00100000000000000000017 /* PresentationRuntimeActivityView.swift */); path = TargetPresentationTestHost; sourceTree = "<group>"; };
		F001000000000000000000A2 /* TargetPresentationUITests */ = {isa = PBXGroup; children = (F00100000000000000000021 /* ProfileWorkspacePresentationUITests.swift */); path = TargetPresentationUITests; sourceTree = "<group>"; };
		A100000000000000000000A6 /* Backend */ = {isa = PBXGroup; children = (A10000000000000000000013 /* BackendLifecycleModel.swift */, A10000000000000000000015 /* BackendTypes.swift */, D20000000000000000000011 /* TargetRuntimeOperations.swift */, D30000000000000000000011 /* TargetSystemProxyOperations.swift */, A10000000000000000000016 /* MockBackend.swift */, A10000000000000000000019 /* SingBoxBackend.swift */, A1000000000000000000002A /* EngineRuntimeOwnership.swift */, A100000000000000000000241 /* RuntimeControl.swift */, A100000000000000000000245 /* RuntimeActivity.swift */); path = Backend; sourceTree = "<group>"; };
		A100000000000000000000248 /* Activity */ = {isa = PBXGroup; children = (A100000000000000000000247 /* RuntimeActivityViews.swift */); path = Activity; sourceTree = "<group>"; };
		A100000000000000000000A7 /* Service */ = {isa = PBXGroup; children = (A10000000000000000000017 /* TargetServiceXPCProtocol.swift */, A10000000000000000000018 /* TargetServiceClient.swift */, A10000000000000000000024 /* SystemProxyController.swift */, A10000000000000000000027 /* HostNetworkSafety.swift */); path = Service; sourceTree = "<group>"; };
		A100000000000000000000A8 /* Resources */ = {isa = PBXGroup; children = (A10000000000000000000014 /* Localizable.xcstrings */, A10000000000000000000260 /* countries-110m.json */, A1000000000000000000001A /* install_sing_box.sh */); path = Resources; sourceTree = "<group>"; };
		A100000000000000000000A9 /* Profile */ = {isa = PBXGroup; children = (A10000000000000000000034 /* ProfileModels.swift */, A10000000000000000000251 /* SmartPolicyEngine.swift */, A10000000000000000000036 /* ProfileStore.swift */, A100000000000000000000AB /* ProfileEncryptedStorage.swift */, A100000000000000000000AD /* ProfileTransfer.swift */, A10000000000000000000038 /* SingBoxConfigurationChecker.swift */, A10000000000000000000045 /* ProfileRuntimeConfiguration.swift */, A10000000000000000000047 /* ProfileSubscription.swift */, E50000000000000000000011 /* SubscriptionIntake.swift */, A100000000000000000000221 /* ProfileWorkspaceInteraction.swift */, A1000000000000000000003A /* ProfileViewModel.swift */, D40000000000000000000021 /* PolicyWorkspacePresentation.swift */, D40000000000000000000022 /* ProfilePolicyWorkspaceView.swift */, D40000000000000000000023 /* ProfileSiteRouteViews.swift */, A1000000000000000000003C /* JSONCodeEditor.swift */, A1000000000000000000003E /* ProfileWorkspaceView.swift */); path = Profile; sourceTree = "<group>"; };
		A100000000000000000000209 /* Dashboard */ = {isa = PBXGroup; children = (A100000000000000000000202 /* DashboardPresentation.swift */, A100000000000000000000206 /* DashboardView.swift */); path = Dashboard; sourceTree = "<group>"; };
		E60000000000000000000014 /* MenuBar */ = {isa = PBXGroup; children = (E60000000000000000000011 /* MenuBarPresentation.swift */, E60000000000000000000012 /* MenuBarView.swift */); path = MenuBar; sourceTree = "<group>"; };
		F70000000000000000000021 /* Settings */ = {isa = PBXGroup; children = (F70000000000000000000011 /* ApplicationPreferences.swift */, F70000000000000000000015 /* SMAppLoginItemManager.swift */, F70000000000000000000012 /* SettingsView.swift */); path = Settings; sourceTree = "<group>"; };
		F70000000000000000000022 /* Onboarding */ = {isa = PBXGroup; children = (F70000000000000000000013 /* OnboardingView.swift */); path = Onboarding; sourceTree = "<group>"; };
		U80000000000000000000031 /* Updates */ = {isa = PBXGroup; children = (U80000000000000000000011 /* TargetUpdateController.swift */); path = Updates; sourceTree = "<group>"; };
		A100000000000000000000218 /* AppShell */ = {isa = PBXGroup; children = (A100000000000000000000211 /* AppDestination.swift */, A100000000000000000000213 /* AppShellView.swift */); path = AppShell; sourceTree = "<group>"; };
		A100000000000000000000219 /* Shared */ = {isa = PBXGroup; children = (A100000000000000000000215 /* TargetUI.swift */); path = Shared; sourceTree = "<group>"; };
		C100000000000000000000A1 /* TargetCtl */ = {isa = PBXGroup; children = (C10000000000000000000014 /* main.swift */); path = TargetCtl; sourceTree = "<group>"; };
		C100000000000000000000A2 /* Automation */ = {isa = PBXGroup; children = (C10000000000000000000013 /* TargetAutomationOperations.swift */); path = Automation; sourceTree = "<group>"; };
/* End PBXGroup section */

/* Begin PBXNativeTarget section */
		A10000000000000000000070 /* Target */ = {isa = PBXNativeTarget; buildConfigurationList = A100000000000000000000B1 /* Build configuration list for PBXNativeTarget "Target" */; buildPhases = (A1000000000000000000008A /* Hide Preview Build from Spotlight */, A10000000000000000000094 /* Sources */, A10000000000000000000091 /* Frameworks */, A10000000000000000000095 /* Resources */, A10000000000000000000098 /* Embed Privileged Service */, A10000000000000000000099 /* Embed LaunchDaemon Definition */, C10000000000000000000098 /* Embed Local Automation CLI */); buildRules = (); dependencies = (A10000000000000000000054 /* PBXTargetDependency */, C10000000000000000000052 /* PBXTargetDependency */, B20000000000000000000022 /* PBXTargetDependency */); name = Target; packageProductDependencies = (E50000000000000000000021 /* Yams */, U80000000000000000000021 /* Sparkle */, ); productName = Target; productReference = A10000000000000000000041 /* Target.app */; productType = "com.apple.product-type.application"; };
		A10000000000000000000071 /* TargetService */ = {isa = PBXNativeTarget; buildConfigurationList = A100000000000000000000B2 /* Build configuration list for PBXNativeTarget "TargetService" */; buildPhases = (A10000000000000000000096 /* Sources */, A10000000000000000000092 /* Frameworks */); buildRules = (); dependencies = (); name = TargetService; productName = TargetService; productReference = A10000000000000000000042 /* TargetService */; productType = "com.apple.product-type.tool"; };
		A10000000000000000000072 /* TargetTests */ = {isa = PBXNativeTarget; buildConfigurationList = A100000000000000000000B3 /* Build configuration list for PBXNativeTarget "TargetTests" */; buildPhases = (A10000000000000000000097 /* Sources */, A10000000000000000000093 /* Frameworks */); buildRules = (); dependencies = (A10000000000000000000052 /* PBXTargetDependency */, B20000000000000000000024 /* PBXTargetDependency */); name = TargetTests; productName = TargetTests; productReference = A10000000000000000000043 /* TargetTests.xctest */; productType = "com.apple.product-type.bundle.unit-test"; };
		F00100000000000000000070 /* TargetPresentationTestHost */ = {isa = PBXNativeTarget; buildConfigurationList = F001000000000000000000B1 /* Build configuration list for PBXNativeTarget "TargetPresentationTestHost" */; buildPhases = (F00100000000000000000094 /* Sources */, F00100000000000000000091 /* Frameworks */, F00100000000000000000093 /* Resources */); buildRules = (); dependencies = (B20000000000000000000025 /* PBXTargetDependency */, ); name = TargetPresentationTestHost; packageProductDependencies = (E50000000000000000000021 /* Yams */, ); productName = TargetPresentationTestHost; productReference = F00100000000000000000041 /* TargetPresentationTestHost.app */; productType = "com.apple.product-type.application"; };
		F00100000000000000000071 /* TargetPresentationUITests */ = {isa = PBXNativeTarget; buildConfigurationList = F001000000000000000000B2 /* Build configuration list for PBXNativeTarget "TargetPresentationUITests" */; buildPhases = (F00100000000000000000095 /* Sources */, F00100000000000000000092 /* Frameworks */); buildRules = (); dependencies = (F00100000000000000000052 /* PBXTargetDependency */); name = TargetPresentationUITests; productName = TargetPresentationUITests; productReference = F00100000000000000000042 /* TargetPresentationUITests.xctest */; productType = "com.apple.product-type.bundle.ui-testing"; };
		C10000000000000000000070 /* targetctl */ = {isa = PBXNativeTarget; buildConfigurationList = C100000000000000000000B1 /* Build configuration list for PBXNativeTarget "targetctl" */; buildPhases = (C10000000000000000000094 /* Sources */, C10000000000000000000091 /* Frameworks */); buildRules = (); dependencies = (B20000000000000000000023 /* PBXTargetDependency */); name = targetctl; productName = targetctl; productReference = C10000000000000000000015 /* targetctl */; productType = "com.apple.product-type.tool"; };
		B20000000000000000000030 /* TargetCore */ = {isa = PBXNativeTarget; buildConfigurationList = B20000000000000000000042 /* Build configuration list for PBXNativeTarget "TargetCore" */; buildPhases = (B20000000000000000000031 /* Sources */, B20000000000000000000032 /* Frameworks */); buildRules = (); dependencies = (); name = TargetCore; productName = TargetCore; productReference = B20000000000000000000011 /* libTargetCore.a */; productType = "com.apple.product-type.library.static"; };
/* End PBXNativeTarget section */

/* Begin PBXProject section */
		A10000000000000000000060 /* Project object */ = {isa = PBXProject; attributes = {BuildIndependentTargetsInParallel = 1; LastSwiftUpdateCheck = 2600; LastUpgradeCheck = 2600; TargetAttributes = {A10000000000000000000070 = {CreatedOnToolsVersion = 26.6;}; A10000000000000000000071 = {CreatedOnToolsVersion = 26.6;}; A10000000000000000000072 = {CreatedOnToolsVersion = 26.6;}; B20000000000000000000030 = {CreatedOnToolsVersion = 26.6;}; C10000000000000000000070 = {CreatedOnToolsVersion = 26.6;}; F00100000000000000000070 = {CreatedOnToolsVersion = 26.6;}; F00100000000000000000071 = {CreatedOnToolsVersion = 26.6;};};}; buildConfigurationList = A100000000000000000000B0 /* Build configuration list for PBXProject "Target" */; developmentRegion = en; hasScannedForEncodings = 0; knownRegions = (en, "zh-Hans", Base); mainGroup = A100000000000000000000A1; minimizedProjectReferenceProxies = 1; packageReferences = (E50000000000000000000020 /* XCRemoteSwiftPackageReference "Yams" */, U80000000000000000000020 /* XCRemoteSwiftPackageReference "Sparkle" */, ); preferredProjectObjectVersion = 77; productRefGroup = A100000000000000000000A5 /* Products */; projectDirPath = ""; projectRoot = ""; targets = (B20000000000000000000030 /* TargetCore */, A10000000000000000000070 /* Target */, A10000000000000000000071 /* TargetService */, C10000000000000000000070 /* targetctl */, A10000000000000000000072 /* TargetTests */, F00100000000000000000070 /* TargetPresentationTestHost */, F00100000000000000000071 /* TargetPresentationUITests */); };
/* End PBXProject section */

/* Begin PBXResourcesBuildPhase section */
		A10000000000000000000095 /* Resources */ = {isa = PBXResourcesBuildPhase; buildActionMask = 2147483647; files = (A10000000000000000000004 /* Localizable.xcstrings in Resources */, A10000000000000000000261 /* countries-110m.json in Resources */, A100000000000000000000230 /* Assets.xcassets in Resources */, A10000000000000000000020 /* install_sing_box.sh in Resources */); runOnlyForDeploymentPostprocessing = 0; };
		F00100000000000000000093 /* Resources */ = {isa = PBXResourcesBuildPhase; buildActionMask = 2147483647; files = (F00100000000000000000005 /* Localizable.xcstrings in Resources */, F00100000000000000000010 /* countries-110m.json in Resources */, ); runOnlyForDeploymentPostprocessing = 0; };
/* End PBXResourcesBuildPhase section */

/* Begin PBXShellScriptBuildPhase section */
		A1000000000000000000008A /* Hide Preview Build from Spotlight */ = {
			isa = PBXShellScriptBuildPhase;
			alwaysOutOfDate = 1;
			buildActionMask = 2147483647;
			files = ();
			inputFileListPaths = ();
			inputPaths = ();
			name = "Hide Preview Build from Spotlight";
			outputFileListPaths = ();
			outputPaths = ();
			runOnlyForDeploymentPostprocessing = 0;
			shellPath = /bin/sh;
			shellScript = "if [ \"$CONFIGURATION\" = Debug ]; then\n    /bin/mkdir -p \"$TARGET_BUILD_DIR/$FULL_PRODUCT_NAME\"\n    /usr/bin/chflags hidden \"$TARGET_BUILD_DIR/$FULL_PRODUCT_NAME\"\nfi\n";
			showEnvVarsInLog = 0;
		};
/* End PBXShellScriptBuildPhase section */

/* Begin PBXSourcesBuildPhase section */
		A10000000000000000000094 /* Sources */ = {isa = PBXSourcesBuildPhase; buildActionMask = 2147483647; files = (U80000000000000000000001 /* TargetUpdateController.swift in Sources */, A10000000000000000000001 /* TargetApp.swift in Sources */, A10000000000000000000002 /* ContentView.swift in Sources */, C10000000000000000000003 /* TargetAutomationOperations.swift in Sources */, A100000000000000000000210 /* AppDestination.swift in Sources */, A100000000000000000000212 /* AppShellView.swift in Sources */, A100000000000000000000201 /* DashboardPresentation.swift in Sources */, A100000000000000000000205 /* DashboardView.swift in Sources */, E60000000000000000000001 /* MenuBarPresentation.swift in Sources */, E60000000000000000000002 /* MenuBarView.swift in Sources */, F70000000000000000000001 /* ApplicationPreferences.swift in Sources */, F70000000000000000000005 /* SMAppLoginItemManager.swift in Sources */, F70000000000000000000002 /* SettingsView.swift in Sources */, F70000000000000000000003 /* OnboardingView.swift in Sources */, A100000000000000000000246 /* RuntimeActivityViews.swift in Sources */, A100000000000000000000214 /* TargetUI.swift in Sources */, A10000000000000000000003 /* BackendLifecycleModel.swift in Sources */, A10000000000000000000005 /* BackendTypes.swift in Sources */, D20000000000000000000001 /* TargetRuntimeOperations.swift in Sources */, D30000000000000000000001 /* TargetSystemProxyOperations.swift in Sources */, A10000000000000000000006 /* MockBackend.swift in Sources */, A10000000000000000000010 /* SingBoxBackend.swift in Sources */, A10000000000000000000029 /* EngineRuntimeOwnership.swift in Sources */, A100000000000000000000240 /* RuntimeControl.swift in Sources */, A100000000000000000000244 /* RuntimeActivity.swift in Sources */, A10000000000000000000007 /* TargetServiceXPCProtocol.swift in Sources */, A10000000000000000000008 /* TargetServiceClient.swift in Sources */, A10000000000000000000023 /* SystemProxyController.swift in Sources */, A10000000000000000000026 /* HostNetworkSafety.swift in Sources */, A10000000000000000000033 /* ProfileModels.swift in Sources */, A10000000000000000000250 /* SmartPolicyEngine.swift in Sources */, A10000000000000000000035 /* ProfileStore.swift in Sources */, A100000000000000000000AA /* ProfileEncryptedStorage.swift in Sources */, A100000000000000000000AC /* ProfileTransfer.swift in Sources */, A10000000000000000000037 /* SingBoxConfigurationChecker.swift in Sources */, A10000000000000000000044 /* ProfileRuntimeConfiguration.swift in Sources */, A10000000000000000000046 /* ProfileSubscription.swift in Sources */, E50000000000000000000001 /* SubscriptionIntake.swift in Sources */, A100000000000000000000220 /* ProfileWorkspaceInteraction.swift in Sources */, A10000000000000000000039 /* ProfileViewModel.swift in Sources */, D40000000000000000000001 /* PolicyWorkspacePresentation.swift in Sources */, D40000000000000000000002 /* ProfilePolicyWorkspaceView.swift in Sources */, D40000000000000000000003 /* ProfileSiteRouteViews.swift in Sources */, A1000000000000000000003B /* JSONCodeEditor.swift in Sources */, A1000000000000000000003D /* ProfileWorkspaceView.swift in Sources */); runOnlyForDeploymentPostprocessing = 0; };
		A10000000000000000000096 /* Sources */ = {isa = PBXSourcesBuildPhase; buildActionMask = 2147483647; files = (A10000000000000000000009 /* main.swift in Sources */, A1000000000000000000000A /* BackendTypes.swift in Sources */, A1000000000000000000000C /* TargetServiceXPCProtocol.swift in Sources */, A10000000000000000000025 /* SystemProxyController.swift in Sources */, A10000000000000000000028 /* HostNetworkSafety.swift in Sources */, A1000000000000000000002B /* EngineRuntimeOwnership.swift in Sources */); runOnlyForDeploymentPostprocessing = 0; };
		A10000000000000000000097 /* Sources */ = {isa = PBXSourcesBuildPhase; buildActionMask = 2147483647; files = (U80000000000000000000002 /* TargetUpdateControllerTests.swift in Sources */, C10000000000000000000008 /* AutomationControlPlaneTests.swift in Sources */, A1000000000000000000000D /* BackendArchitectureTests.swift in Sources */, E10000000000000000000001 /* EngineLifecycleTests.swift in Sources */, D20000000000000000000002 /* TargetRuntimeOperationsTests.swift in Sources */, D30000000000000000000002 /* SystemProxyRecoveryAvailabilityTests.swift in Sources */, F20000000000000000000001 /* ProfileStorePersistenceTests.swift in Sources */, F20000000000000000000002 /* ProfilePolicyPersistenceTests.swift in Sources */, F20000000000000000000003 /* ProfileStoreRecoveryTests.swift in Sources */, F20000000000000000000004 /* ProfileSubscriptionTests.swift in Sources */, F20000000000000000000005 /* ProfileImportTests.swift in Sources */, F20000000000000000000006 /* ProfileExportTests.swift in Sources */, F20000000000000000000007 /* ProfileViewModelTests.swift in Sources */, F20000000000000000000008 /* ProfileTestSupport.swift in Sources */, A100000000000000000000207 /* DashboardPresentationTests.swift in Sources */, A100000000000000000000216 /* AppShellRoutingTests.swift in Sources */, E60000000000000000000003 /* MenuBarPresentationTests.swift in Sources */, F70000000000000000000004 /* ApplicationPreferencesTests.swift in Sources */, A100000000000000000000222 /* ProfileWorkspaceInteractionTests.swift in Sources */, A100000000000000000000224 /* JSONLineNumberCalculationTests.swift in Sources */, A100000000000000000000242 /* RuntimeControlTests.swift in Sources */, A10000000000000000000252 /* SmartPolicyEngineTests.swift in Sources */); runOnlyForDeploymentPostprocessing = 0; };
		F00100000000000000000094 /* Sources */ = {isa = PBXSourcesBuildPhase; buildActionMask = 2147483647; files = (F00100000000000000000001 /* TargetPresentationTestHostApp.swift in Sources */, F00100000000000000000002 /* PresentationFixture.swift in Sources */, F00100000000000000000003 /* PresentationLifecycleShim.swift in Sources */, F00100000000000000000004 /* PresentationStateProbe.swift in Sources */, F00100000000000000000007 /* PresentationRuntimeUsageShim.swift in Sources */, F00100000000000000000008 /* PresentationDashboardView.swift in Sources */, F0010000000000000000000B /* PresentationRuntimeActivityView.swift in Sources */, F00100000000000000000009 /* AppDestination.swift in Sources */, F0010000000000000000000A /* AppShellView.swift in Sources */, F70000000000000000000006 /* ApplicationPreferences.swift in Sources */, F70000000000000000000007 /* OnboardingView.swift in Sources */, A100000000000000000000214 /* TargetUI.swift in Sources */, A10000000000000000000033 /* ProfileModels.swift in Sources */, A10000000000000000000035 /* ProfileStore.swift in Sources */, A100000000000000000000AA /* ProfileEncryptedStorage.swift in Sources */, A100000000000000000000AC /* ProfileTransfer.swift in Sources */, A10000000000000000000037 /* SingBoxConfigurationChecker.swift in Sources */, A10000000000000000000046 /* ProfileSubscription.swift in Sources */, E50000000000000000000002 /* SubscriptionIntake.swift in Sources */, A100000000000000000000220 /* ProfileWorkspaceInteraction.swift in Sources */, A10000000000000000000039 /* ProfileViewModel.swift in Sources */, D40000000000000000000011 /* PolicyWorkspacePresentation.swift in Sources */, D40000000000000000000012 /* ProfilePolicyWorkspaceView.swift in Sources */, D40000000000000000000013 /* ProfileSiteRouteViews.swift in Sources */, A1000000000000000000003B /* JSONCodeEditor.swift in Sources */, A1000000000000000000003D /* ProfileWorkspaceView.swift in Sources */); runOnlyForDeploymentPostprocessing = 0; };
		F00100000000000000000095 /* Sources */ = {isa = PBXSourcesBuildPhase; buildActionMask = 2147483647; files = (F00100000000000000000006 /* ProfileWorkspacePresentationUITests.swift in Sources */, ); runOnlyForDeploymentPostprocessing = 0; };
		C10000000000000000000094 /* Sources */ = {isa = PBXSourcesBuildPhase; buildActionMask = 2147483647; files = (C10000000000000000000006 /* main.swift in Sources */); runOnlyForDeploymentPostprocessing = 0; };
		B20000000000000000000031 /* Sources */ = {isa = PBXSourcesBuildPhase; buildActionMask = 2147483647; files = (B20000000000000000000001 /* AutomationProtocol.swift in Sources */, B20000000000000000000002 /* AutomationSocket.swift in Sources */); runOnlyForDeploymentPostprocessing = 0; };
/* End PBXSourcesBuildPhase section */

/* Begin PBXTargetDependency section */
		A10000000000000000000052 /* PBXTargetDependency */ = {isa = PBXTargetDependency; target = A10000000000000000000070 /* Target */; targetProxy = A10000000000000000000051 /* PBXContainerItemProxy */; };
		A10000000000000000000054 /* PBXTargetDependency */ = {isa = PBXTargetDependency; target = A10000000000000000000071 /* TargetService */; targetProxy = A10000000000000000000053 /* PBXContainerItemProxy */; };
		C10000000000000000000052 /* PBXTargetDependency */ = {isa = PBXTargetDependency; target = C10000000000000000000070 /* targetctl */; targetProxy = C10000000000000000000051 /* PBXContainerItemProxy */; };
		F00100000000000000000052 /* PBXTargetDependency */ = {isa = PBXTargetDependency; target = F00100000000000000000070 /* TargetPresentationTestHost */; targetProxy = F00100000000000000000051 /* PBXContainerItemProxy */; };
		B20000000000000000000022 /* PBXTargetDependency */ = {isa = PBXTargetDependency; target = B20000000000000000000030 /* TargetCore */; targetProxy = B20000000000000000000021 /* PBXContainerItemProxy */; };
		B20000000000000000000023 /* PBXTargetDependency */ = {isa = PBXTargetDependency; target = B20000000000000000000030 /* TargetCore */; targetProxy = B20000000000000000000021 /* PBXContainerItemProxy */; };
		B20000000000000000000024 /* PBXTargetDependency */ = {isa = PBXTargetDependency; target = B20000000000000000000030 /* TargetCore */; targetProxy = B20000000000000000000021 /* PBXContainerItemProxy */; };
		B20000000000000000000025 /* PBXTargetDependency */ = {isa = PBXTargetDependency; target = B20000000000000000000030 /* TargetCore */; targetProxy = B20000000000000000000021 /* PBXContainerItemProxy */; };
/* End PBXTargetDependency section */

/* Begin XCBuildConfiguration section */
		A100000000000000000000C0 /* Debug */ = {isa = XCBuildConfiguration; buildSettings = {CLANG_ENABLE_MODULES = YES; CONFIGURATION_BUILD_DIR = "$(BUILD_DIR)/$(CONFIGURATION).noindex"; MACOSX_DEPLOYMENT_TARGET = 15.0; SWIFT_ACTIVE_COMPILATION_CONDITIONS = DEBUG; SWIFT_VERSION = 5.0;}; name = Debug;};
		A100000000000000000000C1 /* Release */ = {isa = XCBuildConfiguration; buildSettings = {CLANG_ENABLE_MODULES = YES; CONFIGURATION_BUILD_DIR = "$(BUILD_DIR)/$(CONFIGURATION).noindex"; MACOSX_DEPLOYMENT_TARGET = 15.0; SWIFT_COMPILATION_MODE = wholemodule; SWIFT_OPTIMIZATION_LEVEL = "-O"; SWIFT_VERSION = 5.0;}; name = Release;};
		A100000000000000000000D0 /* Debug */ = {isa = XCBuildConfiguration; buildSettings = {ASSETCATALOG_COMPILER_APPICON_NAME = AppIcon; CODE_SIGN_IDENTITY = "Apple Development"; CODE_SIGN_STYLE = Manual; CONFIGURATION_BUILD_DIR = "$(BUILD_DIR)/$(CONFIGURATION).noindex"; CURRENT_PROJECT_VERSION = 1; DEVELOPMENT_TEAM = S36LPLF94S; ENABLE_TESTABILITY = YES; GENERATE_INFOPLIST_FILE = NO; INFOPLIST_FILE = Target/Info.plist; LD_RUNPATH_SEARCH_PATHS = "$(inherited) @executable_path/../Frameworks"; MACOSX_DEPLOYMENT_TARGET = 15.0; MARKETING_VERSION = 1.0.0; PRODUCT_BUNDLE_IDENTIFIER = com.jason312928.Target; PRODUCT_MODULE_NAME = Target; PRODUCT_NAME = Target; SWIFT_INCLUDE_PATHS = "$(BUILD_DIR)/$(CONFIGURATION)"; SWIFT_OPTIMIZATION_LEVEL = "-Onone"; TARGET_BUILD_CHANNEL = Local; TARGET_SOURCE_COMMIT = unknown; TARGET_SOURCE_COMMIT_SHORT = unknown; SWIFT_VERSION = 5.0;}; name = Debug;};
		A100000000000000000000D1 /* Release */ = {isa = XCBuildConfiguration; buildSettings = {ASSETCATALOG_COMPILER_APPICON_NAME = AppIcon; CODE_SIGN_IDENTITY = "Apple Development"; CODE_SIGN_STYLE = Manual; CONFIGURATION_BUILD_DIR = "$(BUILD_DIR)/$(CONFIGURATION).noindex"; CURRENT_PROJECT_VERSION = 1; DEVELOPMENT_TEAM = S36LPLF94S; GENERATE_INFOPLIST_FILE = NO; INFOPLIST_FILE = Target/Info.plist; LD_RUNPATH_SEARCH_PATHS = "$(inherited) @executable_path/../Frameworks"; MACOSX_DEPLOYMENT_TARGET = 15.0; MARKETING_VERSION = 1.0.0; PRODUCT_BUNDLE_IDENTIFIER = com.jason312928.Target; PRODUCT_NAME = Target; SWIFT_COMPILATION_MODE = wholemodule; SWIFT_INCLUDE_PATHS = "$(BUILD_DIR)/$(CONFIGURATION)"; SWIFT_OPTIMIZATION_LEVEL = "-O"; TARGET_BUILD_CHANNEL = Local; TARGET_SOURCE_COMMIT = unknown; TARGET_SOURCE_COMMIT_SHORT = unknown; SWIFT_VERSION = 5.0;}; name = Release;};
		A100000000000000000000E0 /* Debug */ = {isa = XCBuildConfiguration; buildSettings = {CODE_SIGN_IDENTITY = "Apple Development"; CODE_SIGN_STYLE = Manual; CURRENT_PROJECT_VERSION = 1; DEVELOPMENT_TEAM = S36LPLF94S; MACOSX_DEPLOYMENT_TARGET = 15.0; PRODUCT_BUNDLE_IDENTIFIER = com.jason312928.Target.TargetService; PRODUCT_NAME = TargetService; SWIFT_ACTIVE_COMPILATION_CONDITIONS = "$(inherited) TARGET_BUILD_CHANNEL_$(TARGET_BUILD_CHANNEL)"; SWIFT_VERSION = 5.0; TARGET_BUILD_CHANNEL = Local;}; name = Debug;};
		A100000000000000000000E1 /* Release */ = {isa = XCBuildConfiguration; buildSettings = {CODE_SIGN_IDENTITY = "Apple Development"; CODE_SIGN_STYLE = Manual; CURRENT_PROJECT_VERSION = 1; DEVELOPMENT_TEAM = S36LPLF94S; MACOSX_DEPLOYMENT_TARGET = 15.0; PRODUCT_BUNDLE_IDENTIFIER = com.jason312928.Target.TargetService; PRODUCT_NAME = TargetService; SWIFT_ACTIVE_COMPILATION_CONDITIONS = "$(inherited) TARGET_BUILD_CHANNEL_$(TARGET_BUILD_CHANNEL)"; SWIFT_COMPILATION_MODE = wholemodule; SWIFT_OPTIMIZATION_LEVEL = "-O"; SWIFT_VERSION = 5.0; TARGET_BUILD_CHANNEL = Local;}; name = Release;};
		A100000000000000000000F0 /* Debug */ = {isa = XCBuildConfiguration; buildSettings = {BUNDLE_LOADER = "$(TEST_HOST)"; GENERATE_INFOPLIST_FILE = YES; MACOSX_DEPLOYMENT_TARGET = 15.0; PRODUCT_BUNDLE_IDENTIFIER = com.jason312928.TargetTests; PRODUCT_MODULE_NAME = TargetTests; PRODUCT_NAME = TargetTests; TEST_HOST = "$(BUILD_DIR)/$(CONFIGURATION).noindex/Target.app/Contents/MacOS/Target"; SWIFT_OPTIMIZATION_LEVEL = "-Onone"; SWIFT_VERSION = 5.0;}; name = Debug;};
		A100000000000000000000F1 /* Release */ = {isa = XCBuildConfiguration; buildSettings = {BUNDLE_LOADER = "$(TEST_HOST)"; GENERATE_INFOPLIST_FILE = YES; MACOSX_DEPLOYMENT_TARGET = 15.0; PRODUCT_BUNDLE_IDENTIFIER = com.jason312928.TargetTests; PRODUCT_MODULE_NAME = TargetTests; PRODUCT_NAME = TargetTests; TEST_HOST = "$(BUILD_DIR)/$(CONFIGURATION).noindex/Target.app/Contents/MacOS/Target"; SWIFT_COMPILATION_MODE = wholemodule; SWIFT_OPTIMIZATION_LEVEL = "-O"; SWIFT_VERSION = 5.0;}; name = Release;};
		F001000000000000000000D0 /* Debug */ = {isa = XCBuildConfiguration; buildSettings = {CODE_SIGNING_ALLOWED = YES; CODE_SIGNING_REQUIRED = YES; CODE_SIGN_IDENTITY = "-"; CODE_SIGN_STYLE = Manual; DEVELOPMENT_TEAM = ""; ENABLE_TESTABILITY = YES; GENERATE_INFOPLIST_FILE = YES; INFOPLIST_KEY_LSApplicationCategoryType = "public.app-category.utilities"; MACOSX_DEPLOYMENT_TARGET = 15.0; PRODUCT_BUNDLE_IDENTIFIER = com.jason312928.TargetPresentationTestHost; PRODUCT_NAME = TargetPresentationTestHost; SKIP_INSTALL = YES; SWIFT_OPTIMIZATION_LEVEL = "-Onone"; SWIFT_VERSION = 5.0;}; name = Debug;};
		F001000000000000000000D1 /* Release */ = {isa = XCBuildConfiguration; buildSettings = {GENERATE_INFOPLIST_FILE = YES; INFOPLIST_KEY_LSApplicationCategoryType = "public.app-category.utilities"; MACOSX_DEPLOYMENT_TARGET = 15.0; PRODUCT_BUNDLE_IDENTIFIER = com.jason312928.TargetPresentationTestHost; PRODUCT_NAME = TargetPresentationTestHost; SKIP_INSTALL = YES; SWIFT_COMPILATION_MODE = wholemodule; SWIFT_OPTIMIZATION_LEVEL = "-O"; SWIFT_VERSION = 5.0;}; name = Release;};
		F001000000000000000000E0 /* Debug */ = {isa = XCBuildConfiguration; buildSettings = {CODE_SIGNING_ALLOWED = YES; CODE_SIGNING_REQUIRED = YES; CODE_SIGN_IDENTITY = "-"; CODE_SIGN_STYLE = Manual; DEVELOPMENT_TEAM = ""; GENERATE_INFOPLIST_FILE = YES; MACOSX_DEPLOYMENT_TARGET = 15.0; PRODUCT_BUNDLE_IDENTIFIER = com.jason312928.TargetPresentationUITests; PRODUCT_MODULE_NAME = TargetPresentationUITests; PRODUCT_NAME = TargetPresentationUITests; SKIP_INSTALL = YES; SWIFT_OPTIMIZATION_LEVEL = "-Onone"; SWIFT_VERSION = 5.0; TEST_TARGET_NAME = TargetPresentationTestHost;}; name = Debug;};
		F001000000000000000000E1 /* Release */ = {isa = XCBuildConfiguration; buildSettings = {GENERATE_INFOPLIST_FILE = YES; MACOSX_DEPLOYMENT_TARGET = 15.0; PRODUCT_BUNDLE_IDENTIFIER = com.jason312928.TargetPresentationUITests; PRODUCT_MODULE_NAME = TargetPresentationUITests; PRODUCT_NAME = TargetPresentationUITests; SKIP_INSTALL = YES; SWIFT_COMPILATION_MODE = wholemodule; SWIFT_OPTIMIZATION_LEVEL = "-O"; SWIFT_VERSION = 5.0; TEST_TARGET_NAME = TargetPresentationTestHost;}; name = Release;};
		C100000000000000000000D0 /* Debug */ = {isa = XCBuildConfiguration; buildSettings = {CODE_SIGNING_ALLOWED = NO; CODE_SIGNING_REQUIRED = NO; CURRENT_PROJECT_VERSION = 1; MACOSX_DEPLOYMENT_TARGET = 15.0; PRODUCT_NAME = targetctl; SWIFT_OPTIMIZATION_LEVEL = "-Onone"; SWIFT_VERSION = 5.0;}; name = Debug;};
		C100000000000000000000D1 /* Release */ = {isa = XCBuildConfiguration; buildSettings = {CODE_SIGNING_ALLOWED = NO; CODE_SIGNING_REQUIRED = NO; CURRENT_PROJECT_VERSION = 1; MACOSX_DEPLOYMENT_TARGET = 15.0; PRODUCT_NAME = targetctl; SWIFT_COMPILATION_MODE = wholemodule; SWIFT_OPTIMIZATION_LEVEL = "-O"; SWIFT_VERSION = 5.0;}; name = Release;};
		B20000000000000000000040 /* Debug */ = {isa = XCBuildConfiguration; buildSettings = {DEFINES_MODULE = YES; ENABLE_TESTABILITY = YES; MACOSX_DEPLOYMENT_TARGET = 15.0; PRODUCT_MODULE_NAME = TargetCore; PRODUCT_NAME = TargetCore; SKIP_INSTALL = YES; SWIFT_OPTIMIZATION_LEVEL = "-Onone"; SWIFT_VERSION = 5.0;}; name = Debug;};
		B20000000000000000000041 /* Release */ = {isa = XCBuildConfiguration; buildSettings = {DEFINES_MODULE = YES; MACOSX_DEPLOYMENT_TARGET = 15.0; PRODUCT_MODULE_NAME = TargetCore; PRODUCT_NAME = TargetCore; SKIP_INSTALL = YES; SWIFT_COMPILATION_MODE = wholemodule; SWIFT_OPTIMIZATION_LEVEL = "-O"; SWIFT_VERSION = 5.0;}; name = Release;};
/* End XCBuildConfiguration section */

/* Begin XCConfigurationList section */
		A100000000000000000000B0 /* Build configuration list for PBXProject "Target" */ = {isa = XCConfigurationList; buildConfigurations = (A100000000000000000000C0 /* Debug */, A100000000000000000000C1 /* Release */); defaultConfigurationIsVisible = 0; defaultConfigurationName = Release;};
		A100000000000000000000B1 /* Build configuration list for PBXNativeTarget "Target" */ = {isa = XCConfigurationList; buildConfigurations = (A100000000000000000000D0 /* Debug */, A100000000000000000000D1 /* Release */); defaultConfigurationIsVisible = 0; defaultConfigurationName = Release;};
		A100000000000000000000B2 /* Build configuration list for PBXNativeTarget "TargetService" */ = {isa = XCConfigurationList; buildConfigurations = (A100000000000000000000E0 /* Debug */, A100000000000000000000E1 /* Release */); defaultConfigurationIsVisible = 0; defaultConfigurationName = Release;};
		A100000000000000000000B3 /* Build configuration list for PBXNativeTarget "TargetTests" */ = {isa = XCConfigurationList; buildConfigurations = (A100000000000000000000F0 /* Debug */, A100000000000000000000F1 /* Release */); defaultConfigurationIsVisible = 0; defaultConfigurationName = Release;};
		F001000000000000000000B1 /* Build configuration list for PBXNativeTarget "TargetPresentationTestHost" */ = {isa = XCConfigurationList; buildConfigurations = (F001000000000000000000D0 /* Debug */, F001000000000000000000D1 /* Release */); defaultConfigurationIsVisible = 0; defaultConfigurationName = Release;};
		F001000000000000000000B2 /* Build configuration list for PBXNativeTarget "TargetPresentationUITests" */ = {isa = XCConfigurationList; buildConfigurations = (F001000000000000000000E0 /* Debug */, F001000000000000000000E1 /* Release */); defaultConfigurationIsVisible = 0; defaultConfigurationName = Release;};
		C100000000000000000000B1 /* Build configuration list for PBXNativeTarget "targetctl" */ = {isa = XCConfigurationList; buildConfigurations = (C100000000000000000000D0 /* Debug */, C100000000000000000000D1 /* Release */); defaultConfigurationIsVisible = 0; defaultConfigurationName = Release;};
		B20000000000000000000042 /* Build configuration list for PBXNativeTarget "TargetCore" */ = {isa = XCConfigurationList; buildConfigurations = (B20000000000000000000040 /* Debug */, B20000000000000000000041 /* Release */); defaultConfigurationIsVisible = 0; defaultConfigurationName = Release;};
/* End XCConfigurationList section */

/* Begin XCRemoteSwiftPackageReference section */
		E50000000000000000000020 /* XCRemoteSwiftPackageReference "Yams" */ = {
			isa = XCRemoteSwiftPackageReference;
			repositoryURL = "https://github.com/jpsim/Yams.git";
			requirement = {
				kind = upToNextMajorVersion;
				minimumVersion = 6.2.2;
			};
		};
		U80000000000000000000020 /* XCRemoteSwiftPackageReference "Sparkle" */ = {
			isa = XCRemoteSwiftPackageReference;
			repositoryURL = "https://github.com/sparkle-project/Sparkle";
			requirement = {
				kind = exactVersion;
				version = 2.9.4;
			};
		};
/* End XCRemoteSwiftPackageReference section */

/* Begin XCSwiftPackageProductDependency section */
		E50000000000000000000021 /* Yams */ = {
			isa = XCSwiftPackageProductDependency;
			package = E50000000000000000000020 /* XCRemoteSwiftPackageReference "Yams" */;
			productName = Yams;
		};
		U80000000000000000000021 /* Sparkle */ = {
			isa = XCSwiftPackageProductDependency;
			package = U80000000000000000000020 /* XCRemoteSwiftPackageReference "Sparkle" */;
			productName = Sparkle;
		};
/* End XCSwiftPackageProductDependency section */
	};
	rootObject = A10000000000000000000060 /* Project object */;
}
